{
  "name": "infra-mirror",
  "lockfileVersion": 3,
  "requires": true,
  "packages": {
    "": {
      "dependencies": {
        "ansi-to-html": "^0.7.2",
        "yaml": "^2.8.1"
      },
      "devDependencies": {
        "@types/dockerode": "^3.3.43"
      }
    },
    "node_modules/@types/docker-modem": {
      "version": "3.0.6",
      "resolved": "https://registry.npmjs.org/@types/docker-modem/-/docker-modem-3.0.6.tgz",
      "integrity": "sha512-yKpAGEuKRSS8wwx0joknWxsmLha78wNMe9R2S3UNsVOkZded8UqOrV8KoeDXoXsjndxwyF3eIhyClGbO1SEhEg==",
      "dev": true,
      "license": "MIT",
      "dependencies": {
        "@types/node": "*",
        "@types/ssh2": "*"
      }
    },
    "node_modules/@types/dockerode": {
      "version": "3.3.43",
      "resolved": "https://registry.npmjs.org/@types/dockerode/-/dockerode-3.3.43.tgz",
      "integrity": "sha512-YCi0aKKpKeC9dhKTbuglvsWDnAyuIITd6CCJSTKiAdbDzPH4RWu0P9IK2XkJHdyplH6mzYtDYO+gB06JlzcPxg==",
      "dev": true,
      "license": "MIT",
      "dependencies": {
        "@types/docker-modem": "*",
        "@types/node": "*",
        "@types/ssh2": "*"
      }
    },
    "node_modules/@types/node": {
      "version": "24.3.0",
      "resolved": "https://registry.npmjs.org/@types/node/-/node-24.3.0.tgz",
      "integrity": "sha512-aPTXCrfwnDLj4VvXrm+UUCQjNEvJgNA8s5F1cvwQU+3KNltTOkBm1j30uNLyqqPNe7gE3KFzImYoZEfLhp4Yow==",
      "dev": true,
      "license": "MIT",
      "dependencies": {
        "undici-types": "~7.10.0"
      }
    },
    "node_modules/@types/ssh2": {
      "version": "1.15.5",
      "resolved": "https://registry.npmjs.org/@types/ssh2/-/ssh2-1.15.5.tgz",
      "integrity": "sha512-N1ASjp/nXH3ovBHddRJpli4ozpk6UdDYIX4RJWFa9L1YKnzdhTlVmiGHm4DZnj/jLbqZpes4aeR30EFGQtvhQQ==",
      "dev": true,
      "license": "MIT",
      "dependencies": {
        "@types/node": "^18.11.18"
      }
    },
    "node_modules/@types/ssh2/node_modules/@types/node": {
      "version": "18.19.123",
      "resolved": "https://registry.npmjs.org/@types/node/-/node-18.19.123.tgz",
      "integrity": "sha512-K7DIaHnh0mzVxreCR9qwgNxp3MH9dltPNIEddW9MYUlcKAzm+3grKNSTe2vCJHI1FaLpvpL5JGJrz1UZDKYvDg==",
      "dev": true,
      "license": "MIT",
      "dependencies": {
        "undici-types": "~5.26.4"
      }
    },
    "node_modules/@types/ssh2/node_modules/undici-types": {
      "version": "5.26.5",
      "resolved": "https://registry.npmjs.org/undici-types/-/undici-types-5.26.5.tgz",
      "integrity": "sha512-JlCMO+ehdEIKqlFxk6IfVoAUVmgz7cU7zD/h9XZ0qzeosSHmUJVOzSQvvYSYWXkFXC+IfLKSIffhv0sVZup6pA==",
      "dev": true,
      "license": "MIT"
    },
    "node_modules/ansi-to-html": {
      "version": "0.7.2",
      "resolved": "https://registry.npmjs.org/ansi-to-html/-/ansi-to-html-0.7.2.tgz",
      "integrity": "sha512-v6MqmEpNlxF+POuyhKkidusCHWWkaLcGRURzivcU3I9tv7k4JVhFcnukrM5Rlk2rUywdZuzYAZ+kbZqWCnfN3g==",
      "license": "MIT",
      "dependencies": {
        "entities": "^2.2.0"
      },
      "bin": {
        "ansi-to-html": "bin/ansi-to-html"
      },
      "engines": {
        "node": ">=8.0.0"
      }
    },
    "node_modules/entities": {
      "version": "2.2.0",
      "resolved": "https://registry.npmjs.org/entities/-/entities-2.2.0.tgz",
      "integrity": "sha512-p92if5Nz619I0w+akJrLZH0MX0Pb5DX39XOwQTtXSdQQOaYH03S1uIQp4mhOZtAXrxq4ViO67YTiLBo2638o9A==",
      "license": "BSD-2-Clause",
      "funding": {
        "url": "https://github.com/fb55/entities?sponsor=1"
      }
    },
    "node_modules/undici-types": {
      "version": "7.10.0",
      "resolved": "https://registry.npmjs.org/undici-types/-/undici-types-7.10.0.tgz",
      "integrity": "sha512-t5Fy/nfn+14LuOc2KNYg75vZqClpAiqscVvMygNnlsHBFpSXdJaYtXMcdNLpl/Qvc3P2cB3s6lOV51nqsFq4ag==",
      "dev": true,
      "license": "MIT"
    },
    "node_modules/yaml": {
      "version": "2.8.1",
      "resolved": "https://registry.npmjs.org/yaml/-/yaml-2.8.1.tgz",
      "integrity": "sha512-lcYcMxX2PO9XMGvAJkJ3OsNMw+/7FKes7/hgerGUYWIoWu5j/+YQqcZr5JnPZWzOsEBgMbSbiSTn/dv/69Mkpw==",
      "license": "ISC",
      "bin": {
        "yaml": "bin.mjs"
      },
      "engines": {
        "node": ">= 14.6"
      }
    }
  }
}
